PODS:
  - Realm (3.9.0):
    - Realm/Headers (= 3.9.0)
  - Realm/Headers (3.9.0)

DEPENDENCIES:
  - Realm

SPEC REPOS:
  https://github.com/cocoapods/specs.git:
    - Realm

SPEC CHECKSUMS:
  Realm: 3d36f208bf3aff8335dc3298742140182bde4edb

PODFILE CHECKSUM: 321e06ff416535e7e4834dfe7a0f69d0f008558e

COCOAPODS: 1.6.0.beta.1
