// !$*UTF8*$!
{
	archiveVersion = 1;
	classes = {
	};
	objectVersion = 50;
	objects = {

/* Begin PBXBuildFile section */
		7330DDF321802CEB00F86D72 /* daily.png in Resources */ = {isa = PBXBuildFile; fileRef = 7330DDF221802CEB00F86D72 /* daily.png */; };
		7330DDF521802D4600F86D72 /* setmenu.png in Resources */ = {isa = PBXBuildFile; fileRef = 7330DDF421802D4600F86D72 /* setmenu.png */; };
		7330DDF721802D9300F86D72 /* more.png in Resources */ = {isa = PBXBuildFile; fileRef = 7330DDF621802D9300F86D72 /* more.png */; };
		7338812821841DDB00BF776D /* carolieTable.swift in Sources */ = {isa = PBXBuildFile; fileRef = 7338812721841DDB00BF776D /* carolieTable.swift */; };
		7370A807218305B8004783F8 /* object.swift in Sources */ = {isa = PBXBuildFile; fileRef = 7370A806218305B8004783F8 /* object.swift */; };
		7392102D217EDD3000DFC13C /* AppDelegate.swift in Sources */ = {isa = PBXBuildFile; fileRef = 7392102C217EDD3000DFC13C /* AppDelegate.swift */; };
		7392102F217EDD3000DFC13C /* ViewController.swift in Sources */ = {isa = PBXBuildFile; fileRef = 7392102E217EDD3000DFC13C /* ViewController.swift */; };
		73921032217EDD3000DFC13C /* Main.storyboard in Resources */ = {isa = PBXBuildFile; fileRef = 73921030217EDD3000DFC13C /* Main.storyboard */; };
		73921034217EDD3100DFC13C /* Assets.xcassets in Resources */ = {isa = PBXBuildFile; fileRef = 73921033217EDD3100DFC13C /* Assets.xcassets */; };
		73921037217EDD3100DFC13C /* LaunchScreen.storyboard in Resources */ = {isa = PBXBuildFile; fileRef = 73921035217EDD3100DFC13C /* LaunchScreen.storyboard */; };
		73B31712217F2B5F00775CCA /* addCalorie.swift in Sources */ = {isa = PBXBuildFile; fileRef = 73B31711217F2B5F00775CCA /* addCalorie.swift */; };
		73B31716217F2CDF00775CCA /* addSetMenu.swift in Sources */ = {isa = PBXBuildFile; fileRef = 73B31715217F2CDF00775CCA /* addSetMenu.swift */; };
		73B31718217F2D1C00775CCA /* setMenu.swift in Sources */ = {isa = PBXBuildFile; fileRef = 73B31717217F2D1C00775CCA /* setMenu.swift */; };
		73B3171A217F2D3B00775CCA /* more.swift in Sources */ = {isa = PBXBuildFile; fileRef = 73B31719217F2D3B00775CCA /* more.swift */; };
		FFFDBF5326FFFAD04114337D /* Pods_Pump.framework in Frameworks */ = {isa = PBXBuildFile; fileRef = 9DF1AA71D3D87ECE8AE8679D /* Pods_Pump.framework */; };
/* End PBXBuildFile section */

/* Begin PBXFileReference section */
		3F38E5AB64F7A1659A5D123C /* Pods-Pump.release.xcconfig */ = {isa = PBXFileReference; includeInIndex = 1; lastKnownFileType = text.xcconfig; name = "Pods-Pump.release.xcconfig"; path = "Target Support Files/Pods-Pump/Pods-Pump.release.xcconfig"; sourceTree = "<group>"; };
		7330DDF221802CEB00F86D72 /* daily.png */ = {isa = PBXFileReference; lastKnownFileType = image.png; path = daily.png; sourceTree = "<group>"; };
		7330DDF421802D4600F86D72 /* setmenu.png */ = {isa = PBXFileReference; lastKnownFileType = image.png; path = setmenu.png; sourceTree = "<group>"; };
		7330DDF621802D9300F86D72 /* more.png */ = {isa = PBXFileReference; lastKnownFileType = image.png; path = more.png; sourceTree = "<group>"; };
		7338812721841DDB00BF776D /* carolieTable.swift */ = {isa = PBXFileReference; lastKnownFileType = sourcecode.swift; path = carolieTable.swift; sourceTree = "<group>"; };
		7370A806218305B8004783F8 /* object.swift */ = {isa = PBXFileReference; lastKnownFileType = sourcecode.swift; path = object.swift; sourceTree = "<group>"; };
		73921029217EDD3000DFC13C /* Pump.app */ = {isa = PBXFileReference; explicitFileType = wrapper.application; includeInIndex = 0; path = Pump.app; sourceTree = BUILT_PRODUCTS_DIR; };
		7392102C217EDD3000DFC13C /* AppDelegate.swift */ = {isa = PBXFileReference; lastKnownFileType = sourcecode.swift; path = AppDelegate.swift; sourceTree = "<group>"; };
		7392102E217EDD3000DFC13C /* ViewController.swift */ = {isa = PBXFileReference; lastKnownFileType = sourcecode.swift; path = ViewController.swift; sourceTree = "<group>"; };
		73921031217EDD3000DFC13C /* Base */ = {isa = PBXFileReference; lastKnownFileType = file.storyboard; name = Base; path = Base.lproj/Main.storyboard; sourceTree = "<group>"; };
		73921033217EDD3100DFC13C /* Assets.xcassets */ = {isa = PBXFileReference; lastKnownFileType = folder.assetcatalog; path = Assets.xcassets; sourceTree = "<group>"; };
		73921036217EDD3100DFC13C /* Base */ = {isa = PBXFileReference; lastKnownFileType = file.storyboard; name = Base; path = Base.lproj/LaunchScreen.storyboard; sourceTree = "<group>"; };
		73921038217EDD3100DFC13C /* Info.plist */ = {isa = PBXFileReference; lastKnownFileType = text.plist.xml; path = Info.plist; sourceTree = "<group>"; };
		73B31711217F2B5F00775CCA /* addCalorie.swift */ = {isa = PBXFileReference; lastKnownFileType = sourcecode.swift; path = addCalorie.swift; sourceTree = "<group>"; };
		73B31715217F2CDF00775CCA /* addSetMenu.swift */ = {isa = PBXFileReference; lastKnownFileType = sourcecode.swift; path = addSetMenu.swift; sourceTree = "<group>"; };
		73B31717217F2D1C00775CCA /* setMenu.swift */ = {isa = PBXFileReference; lastKnownFileType = sourcecode.swift; path = setMenu.swift; sourceTree = "<group>"; };
		73B31719217F2D3B00775CCA /* more.swift */ = {isa = PBXFileReference; lastKnownFileType = sourcecode.swift; path = more.swift; sourceTree = "<group>"; };
		9DF1AA71D3D87ECE8AE8679D /* Pods_Pump.framework */ = {isa = PBXFileReference; explicitFileType = wrapper.framework; includeInIndex = 0; path = Pods_Pump.framework; sourceTree = BUILT_PRODUCTS_DIR; };
		AFDE87B4B6531B57E3CDDD66 /* Pods-Pump.debug.xcconfig */ = {isa = PBXFileReference; includeInIndex = 1; lastKnownFileType = text.xcconfig; name = "Pods-Pump.debug.xcconfig"; path = "Target Support Files/Pods-Pump/Pods-Pump.debug.xcconfig"; sourceTree = "<group>"; };
/* End PBXFileReference section */

/* Begin PBXFrameworksBuildPhase section */
		73921026217EDD3000DFC13C /* Frameworks */ = {
			isa = PBXFrameworksBuildPhase;
			buildActionMask = 2147483647;
			files = (
				FFFDBF5326FFFAD04114337D /* Pods_Pump.framework in Frameworks */,
			);
			runOnlyForDeploymentPostprocessing = 0;
		};
/* End PBXFrameworksBuildPhase section */

/* Begin PBXGroup section */
		1749EA4C1524A297E7C04426 /* Pods */ = {
			isa = PBXGroup;
			children = (
				AFDE87B4B6531B57E3CDDD66 /* Pods-Pump.debug.xcconfig */,
				3F38E5AB64F7A1659A5D123C /* Pods-Pump.release.xcconfig */,
			);
			path = Pods;
			sourceTree = "<group>";
		};
		1EBDD24271B8C22A32F291E7 /* Frameworks */ = {
			isa = PBXGroup;
			children = (
				9DF1AA71D3D87ECE8AE8679D /* Pods_Pump.framework */,
			);
			name = Frameworks;
			sourceTree = "<group>";
		};
		7330DDF121802CC500F86D72 /* images */ = {
			isa = PBXGroup;
			children = (
				7330DDF221802CEB00F86D72 /* daily.png */,
				7330DDF621802D9300F86D72 /* more.png */,
				7330DDF421802D4600F86D72 /* setmenu.png */,
			);
			path = images;
			sourceTree = "<group>";
		};
		7370A80521830570004783F8 /* database */ = {
			isa = PBXGroup;
			children = (
				7370A806218305B8004783F8 /* object.swift */,
			);
			path = database;
			sourceTree = "<group>";
		};
		73921020217EDD3000DFC13C = {
			isa = PBXGroup;
			children = (
				7392102B217EDD3000DFC13C /* Pump */,
				7392102A217EDD3000DFC13C /* Products */,
				1749EA4C1524A297E7C04426 /* Pods */,
				1EBDD24271B8C22A32F291E7 /* Frameworks */,
			);
			sourceTree = "<group>";
		};
		7392102A217EDD3000DFC13C /* Products */ = {
			isa = PBXGroup;
			children = (
				73921029217EDD3000DFC13C /* Pump.app */,
			);
			name = Products;
			sourceTree = "<group>";
		};
		7392102B217EDD3000DFC13C /* Pump */ = {
			isa = PBXGroup;
			children = (
				7392102C217EDD3000DFC13C /* AppDelegate.swift */,
				7392102E217EDD3000DFC13C /* ViewController.swift */,
				73921030217EDD3000DFC13C /* Main.storyboard */,
				73B31719217F2D3B00775CCA /* more.swift */,
				73B3171B217F2D5400775CCA /* setMenu */,
				7370A80521830570004783F8 /* database */,
				73B3171C217F2D7300775CCA /* calorie */,
				73921033217EDD3100DFC13C /* Assets.xcassets */,
				7330DDF121802CC500F86D72 /* images */,
				73921035217EDD3100DFC13C /* LaunchScreen.storyboard */,
				73921038217EDD3100DFC13C /* Info.plist */,
			);
			path = Pump;
			sourceTree = "<group>";
		};
		73B3171B217F2D5400775CCA /* setMenu */ = {
			isa = PBXGroup;
			children = (
				73B31717217F2D1C00775CCA /* setMenu.swift */,
				73B31715217F2CDF00775CCA /* addSetMenu.swift */,
			);
			path = setMenu;
			sourceTree = "<group>";
		};
		73B3171C217F2D7300775CCA /* calorie */ = {
			isa = PBXGroup;
			children = (
				73B31711217F2B5F00775CCA /* addCalorie.swift */,
				7338812721841DDB00BF776D /* carolieTable.swift */,
			);
			path = calorie;
			sourceTree = "<group>";
		};
/* End PBXGroup section */

/* Begin PBXNativeTarget section */
		73921028217EDD3000DFC13C /* Pump */ = {
			isa = PBXNativeTarget;
			buildConfigurationList = 7392103B217EDD3100DFC13C /* Build configuration list for PBXNativeTarget "Pump" */;
			buildPhases = (
				AE01E93B67E87B7CE1C056CC /* [CP] Check Pods Manifest.lock */,
				73921025217EDD3000DFC13C /* Sources */,
				73921026217EDD3000DFC13C /* Frameworks */,
				73921027217EDD3000DFC13C /* Resources */,
				F2AE10D7EDA609B3B0BE945A /* [CP] Embed Pods Frameworks */,
			);
			buildRules = (
			);
			dependencies = (
			);
			name = Pump;
			productName = Pump;
			productReference = 73921029217EDD3000DFC13C /* Pump.app */;
			productType = "com.apple.product-type.application";
		};
/* End PBXNativeTarget section */

/* Begin PBXProject section */
		73921021217EDD3000DFC13C /* Project object */ = {
			isa = PBXProject;
			attributes = {
				LastSwiftUpdateCheck = 1000;
				LastUpgradeCheck = 1000;
				ORGANIZATIONNAME = sasakura.company;
				TargetAttributes = {
					73921028217EDD3000DFC13C = {
						CreatedOnToolsVersion = 10.0;
					};
				};
			};
			buildConfigurationList = 73921024217EDD3000DFC13C /* Build configuration list for PBXProject "Pump" */;
			compatibilityVersion = "Xcode 9.3";
			developmentRegion = en;
			hasScannedForEncodings = 0;
			knownRegions = (
				en,
				Base,
			);
			mainGroup = 73921020217EDD3000DFC13C;
			productRefGroup = 7392102A217EDD3000DFC13C /* Products */;
			projectDirPath = "";
			projectRoot = "";
			targets = (
				73921028217EDD3000DFC13C /* Pump */,
			);
		};
/* End PBXProject section */

/* Begin PBXResourcesBuildPhase section */
		73921027217EDD3000DFC13C /* Resources */ = {
			isa = PBXResourcesBuildPhase;
			buildActionMask = 2147483647;
			files = (
				7330DDF721802D9300F86D72 /* more.png in Resources */,
				7330DDF521802D4600F86D72 /* setmenu.png in Resources */,
				73921037217EDD3100DFC13C /* LaunchScreen.storyboard in Resources */,
				73921034217EDD3100DFC13C /* Assets.xcassets in Resources */,
				73921032217EDD3000DFC13C /* Main.storyboard in Resources */,
				7330DDF321802CEB00F86D72 /* daily.png in Resources */,
			);
			runOnlyForDeploymentPostprocessing = 0;
		};
/* End PBXResourcesBuildPhase section */

/* Begin PBXShellScriptBuildPhase section */
		AE01E93B67E87B7CE1C056CC /* [CP] Check Pods Manifest.lock */ = {
			isa = PBXShellScriptBuildPhase;
			buildActionMask = 2147483647;
			files = (
			);
			inputFileListPaths = (
			);
			inputPaths = (
				"${PODS_PODFILE_DIR_PATH}/Podfile.lock",
				"${PODS_ROOT}/Manifest.lock",
			);
			name = "[CP] Check Pods Manifest.lock";
			outputFileListPaths = (
			);
			outputPaths = (
				"$(DERIVED_FILE_DIR)/Pods-Pump-checkManifestLockResult.txt",
			);
			runOnlyForDeploymentPostprocessing = 0;
			shellPath = /bin/sh;
			shellScript = "diff \"${PODS_PODFILE_DIR_PATH}/Podfile.lock\" \"${PODS_ROOT}/Manifest.lock\" > /dev/null\nif [ $? != 0 ] ; then\n    # print error to STDERR\n    echo \"error: The sandbox is not in sync with the Podfile.lock. Run 'pod install' or update your CocoaPods installation.\" >&2\n    exit 1\nfi\n# This output is used by Xcode 'outputs' to avoid re-running this script phase.\necho \"SUCCESS\" > \"${SCRIPT_OUTPUT_FILE_0}\"\n";
			showEnvVarsInLog = 0;
		};
		F2AE10D7EDA609B3B0BE945A /* [CP] Embed Pods Frameworks */ = {
			isa = PBXShellScriptBuildPhase;
			buildActionMask = 2147483647;
			files = (
			);
			inputFileListPaths = (
			);
			inputPaths = (
				"${PODS_ROOT}/Target Support Files/Pods-Pump/Pods-Pump-frameworks.sh",
				"${BUILT_PRODUCTS_DIR}/Realm/Realm.framework",
				"${BUILT_PRODUCTS_DIR}/RealmSwift/RealmSwift.framework",
			);
			name = "[CP] Embed Pods Frameworks";
			outputFileListPaths = (
			);
			outputPaths = (
				"${TARGET_BUILD_DIR}/${FRAMEWORKS_FOLDER_PATH}/Realm.framework",
				"${TARGET_BUILD_DIR}/${FRAMEWORKS_FOLDER_PATH}/RealmSwift.framework",
			);
			runOnlyForDeploymentPostprocessing = 0;
			shellPath = /bin/sh;
			shellScript = "\"${PODS_ROOT}/Target Support Files/Pods-Pump/Pods-Pump-frameworks.sh\"\n";
			showEnvVarsInLog = 0;
		};
/* End PBXShellScriptBuildPhase section */

/* Begin PBXSourcesBuildPhase section */
		73921025217EDD3000DFC13C /* Sources */ = {
			isa = PBXSourcesBuildPhase;
			buildActionMask = 2147483647;
			files = (
				73B3171A217F2D3B00775CCA /* more.swift in Sources */,
				73B31712217F2B5F00775CCA /* addCalorie.swift in Sources */,
				73B31716217F2CDF00775CCA /* addSetMenu.swift in Sources */,
				7392102F217EDD3000DFC13C /* ViewController.swift in Sources */,
				73B31718217F2D1C00775CCA /* setMenu.swift in Sources */,
				7392102D217EDD3000DFC13C /* AppDelegate.swift in Sources */,
				7370A807218305B8004783F8 /* object.swift in Sources */,
				7338812821841DDB00BF776D /* carolieTable.swift in Sources */,
			);
			runOnlyForDeploymentPostprocessing = 0;
		};
/* End PBXSourcesBuildPhase section */

/* Begin PBXVariantGroup section */
		73921030217EDD3000DFC13C /* Main.storyboard */ = {
			isa = PBXVariantGroup;
			children = (
				73921031217EDD3000DFC13C /* Base */,
			);
			name = Main.storyboard;
			sourceTree = "<group>";
		};
		73921035217EDD3100DFC13C /* LaunchScreen.storyboard */ = {
			isa = PBXVariantGroup;
			children = (
				73921036217EDD3100DFC13C /* Base */,
			);
			name = LaunchScreen.storyboard;
			sourceTree = "<group>";
		};
/* End PBXVariantGroup section */

/* Begin XCBuildConfiguration section */
		73921039217EDD3100DFC13C /* Debug */ = {
			isa = XCBuildConfiguration;
			buildSettings = {
				ALWAYS_SEARCH_USER_PATHS = NO;
				CLANG_ANALYZER_NONNULL = YES;
				CLANG_ANALYZER_NUMBER_OBJECT_CONVERSION = YES_AGGRESSIVE;
				CLANG_CXX_LANGUAGE_STANDARD = "gnu++14";
				CLANG_CXX_LIBRARY = "libc++";
				CLANG_ENABLE_MODULES = YES;
				CLANG_ENABLE_OBJC_ARC = YES;
				CLANG_ENABLE_OBJC_WEAK = YES;
				CLANG_WARN_BLOCK_CAPTURE_AUTORELEASING = YES;
				CLANG_WARN_BOOL_CONVERSION = YES;
				CLANG_WARN_COMMA = YES;
				CLANG_WARN_CONSTANT_CONVERSION = YES;
				CLANG_WARN_DEPRECATED_OBJC_IMPLEMENTATIONS = YES;
				CLANG_WARN_DIRECT_OBJC_ISA_USAGE = YES_ERROR;
				CLANG_WARN_DOCUMENTATION_COMMENTS = YES;
				CLANG_WARN_EMPTY_BODY = YES;
				CLANG_WARN_ENUM_CONVERSION = YES;
				CLANG_WARN_INFINITE_RECURSION = YES;
				CLANG_WARN_INT_CONVERSION = YES;
				CLANG_WARN_NON_LITERAL_NULL_CONVERSION = YES;
				CLANG_WARN_OBJC_IMPLICIT_RETAIN_SELF = YES;
				CLANG_WARN_OBJC_LITERAL_CONVERSION = YES;
				CLANG_WARN_OBJC_ROOT_CLASS = YES_ERROR;
				CLANG_WARN_RANGE_LOOP_ANALYSIS = YES;
				CLANG_WARN_STRICT_PROTOTYPES = YES;
				CLANG_WARN_SUSPICIOUS_MOVE = YES;
				CLANG_WARN_UNGUARDED_AVAILABILITY = YES_AGGRESSIVE;
				CLANG_WARN_UNREACHABLE_CODE = YES;
				CLANG_WARN__DUPLICATE_METHOD_MATCH = YES;
				CODE_SIGN_IDENTITY = "iPhone Developer";
				COPY_PHASE_STRIP = NO;
				DEBUG_INFORMATION_FORMAT = dwarf;
				ENABLE_STRICT_OBJC_MSGSEND = YES;
				ENABLE_TESTABILITY = YES;
				GCC_C_LANGUAGE_STANDARD = gnu11;
				GCC_DYNAMIC_NO_PIC = NO;
				GCC_NO_COMMON_BLOCKS = YES;
				GCC_OPTIMIZATION_LEVEL = 0;
				GCC_PREPROCESSOR_DEFINITIONS = (
					"DEBUG=1",
					"$(inherited)",
				);
				GCC_WARN_64_TO_32_BIT_CONVERSION = YES;
				GCC_WARN_ABOUT_RETURN_TYPE = YES_ERROR;
				GCC_WARN_UNDECLARED_SELECTOR = YES;
				GCC_WARN_UNINITIALIZED_AUTOS = YES_AGGRESSIVE;
				GCC_WARN_UNUSED_FUNCTION = YES;
				GCC_WARN_UNUSED_VARIABLE = YES;
				IPHONEOS_DEPLOYMENT_TARGET = 12.0;
				MTL_ENABLE_DEBUG_INFO = INCLUDE_SOURCE;
				MTL_FAST_MATH = YES;
				ONLY_ACTIVE_ARCH = YES;
				SDKROOT = iphoneos;
				SWIFT_ACTIVE_COMPILATION_CONDITIONS = DEBUG;
				SWIFT_OPTIMIZATION_LEVEL = "-Onone";
			};
			name = Debug;
		};
		7392103A217EDD3100DFC13C /* Release */ = {
			isa = XCBuildConfiguration;
			buildSettings = {
				ALWAYS_SEARCH_USER_PATHS = NO;
				CLANG_ANALYZER_NONNULL = YES;
				CLANG_ANALYZER_NUMBER_OBJECT_CONVERSION = YES_AGGRESSIVE;
				CLANG_CXX_LANGUAGE_STANDARD = "gnu++14";
				CLANG_CXX_LIBRARY = "libc++";
				CLANG_ENABLE_MODULES = YES;
				CLANG_ENABLE_OBJC_ARC = YES;
				CLANG_ENABLE_OBJC_WEAK = YES;
				CLANG_WARN_BLOCK_CAPTURE_AUTORELEASING = YES;
				CLANG_WARN_BOOL_CONVERSION = YES;
				CLANG_WARN_COMMA = YES;
				CLANG_WARN_CONSTANT_CONVERSION = YES;
				CLANG_WARN_DEPRECATED_OBJC_IMPLEMENTATIONS = YES;
				CLANG_WARN_DIRECT_OBJC_ISA_USAGE = YES_ERROR;
				CLANG_WARN_DOCUMENTATION_COMMENTS = YES;
				CLANG_WARN_EMPTY_BODY = YES;
				CLANG_WARN_ENUM_CONVERSION = YES;
				CLANG_WARN_INFINITE_RECURSION = YES;
				CLANG_WARN_INT_CONVERSION = YES;
				CLANG_WARN_NON_LITERAL_NULL_CONVERSION = YES;
				CLANG_WARN_OBJC_IMPLICIT_RETAIN_SELF = YES;
				CLANG_WARN_OBJC_LITERAL_CONVERSION = YES;
				CLANG_WARN_OBJC_ROOT_CLASS = YES_ERROR;
				CLANG_WARN_RANGE_LOOP_ANALYSIS = YES;
				CLANG_WARN_STRICT_PROTOTYPES = YES;
				CLANG_WARN_SUSPICIOUS_MOVE = YES;
				CLANG_WARN_UNGUARDED_AVAILABILITY = YES_AGGRESSIVE;
				CLANG_WARN_UNREACHABLE_CODE = YES;
				CLANG_WARN__DUPLICATE_METHOD_MATCH = YES;
				CODE_SIGN_IDENTITY = "iPhone Developer";
				COPY_PHASE_STRIP = NO;
				DEBUG_INFORMATION_FORMAT = "dwarf-with-dsym";
				ENABLE_NS_ASSERTIONS = NO;
				ENABLE_STRICT_OBJC_MSGSEND = YES;
				GCC_C_LANGUAGE_STANDARD = gnu11;
				GCC_NO_COMMON_BLOCKS = YES;
				GCC_WARN_64_TO_32_BIT_CONVERSION = YES;
				GCC_WARN_ABOUT_RETURN_TYPE = YES_ERROR;
				GCC_WARN_UNDECLARED_SELECTOR = YES;
				GCC_WARN_UNINITIALIZED_AUTOS = YES_AGGRESSIVE;
				GCC_WARN_UNUSED_FUNCTION = YES;
				GCC_WARN_UNUSED_VARIABLE = YES;
				IPHONEOS_DEPLOYMENT_TARGET = 12.0;
				MTL_ENABLE_DEBUG_INFO = NO;
				MTL_FAST_MATH = YES;
				SDKROOT = iphoneos;
				SWIFT_COMPILATION_MODE = wholemodule;
				SWIFT_OPTIMIZATION_LEVEL = "-O";
				VALIDATE_PRODUCT = YES;
			};
			name = Release;
		};
		7392103C217EDD3100DFC13C /* Debug */ = {
			isa = XCBuildConfiguration;
			baseConfigurationReference = AFDE87B4B6531B57E3CDDD66 /* Pods-Pump.debug.xcconfig */;
			buildSettings = {
				ASSETCATALOG_COMPILER_APPICON_NAME = AppIcon;
				CODE_SIGN_STYLE = Automatic;
				DEVELOPMENT_TEAM = VNAV5S2KU6;
				INFOPLIST_FILE = Pump/Info.plist;
				LD_RUNPATH_SEARCH_PATHS = (
					"$(inherited)",
					"@executable_path/Frameworks",
				);
				PRODUCT_BUNDLE_IDENTIFIER = jp.88company.Pump;
				PRODUCT_NAME = "$(TARGET_NAME)";
				SWIFT_VERSION = 4.2;
				TARGETED_DEVICE_FAMILY = "1,2";
			};
			name = Debug;
		};
		7392103D217EDD3100DFC13C /* Release */ = {
			isa = XCBuildConfiguration;
			baseConfigurationReference = 3F38E5AB64F7A1659A5D123C /* Pods-Pump.release.xcconfig */;
			buildSettings = {
				ASSETCATALOG_COMPILER_APPICON_NAME = AppIcon;
				CODE_SIGN_STYLE = Automatic;
				DEVELOPMENT_TEAM = VNAV5S2KU6;
				INFOPLIST_FILE = Pump/Info.plist;
				LD_RUNPATH_SEARCH_PATHS = (
					"$(inherited)",
					"@executable_path/Frameworks",
				);
				PRODUCT_BUNDLE_IDENTIFIER = jp.88company.Pump;
				PRODUCT_NAME = "$(TARGET_NAME)";
				SWIFT_VERSION = 4.2;
				TARGETED_DEVICE_FAMILY = "1,2";
			};
			name = Release;
		};
/* End XCBuildConfiguration section */

/* Begin XCConfigurationList section */
		73921024217EDD3000DFC13C /* Build configuration list for PBXProject "Pump" */ = {
			isa = XCConfigurationList;
			buildConfigurations = (
				73921039217EDD3100DFC13C /* Debug */,
				7392103A217EDD3100DFC13C /* Release */,
			);
			defaultConfigurationIsVisible = 0;
			defaultConfigurationName = Release;
		};
		7392103B217EDD3100DFC13C /* Build configuration list for PBXNativeTarget "Pump" */ = {
			isa = XCConfigurationList;
			buildConfigurations = (
				7392103C217EDD3100DFC13C /* Debug */,
				7392103D217EDD3100DFC13C /* Release */,
			);
			defaultConfigurationIsVisible = 0;
			defaultConfigurationName = Release;
		};
/* End XCConfigurationList section */
	};
	rootObject = 73921021217EDD3000DFC13C /* Project object */;
}
